
Microsoft Visual Studio Solution File, Format Version 12.00
# Visual Studio 15
VisualStudioVersion = 15.0.28307.705
MinimumVisualStudioVersion = 10.0.40219.1
Project("{2150E333-8FDC-42A3-9474-1A3956D46DE8}") = "Solution Items", "Solution Items", "{A5E1C0DE-D639-4788-BF47-331E259A45CF}"
	ProjectSection(SolutionItems) = preProject
		.gitattributes = .gitattributes
		.gitignore = .gitignore
		LICENSE = LICENSE
		README.md = README.md
	EndProjectSection
EndProject
Project("{2150E333-8FDC-42A3-9474-1A3956D46DE8}") = "src", "src", "{44DC5757-C8DE-44F8-B86F-0BD4214277FB}"
EndProject
Project("{2150E333-8FDC-42A3-9474-1A3956D46DE8}") = "tests", "tests", "{1118FE84-B757-49C5-BB0E-53B208B583C0}"
EndProject
Project("{FAE04EC0-301F-11D3-BF4B-00C04F79EFBC}") = "Ordering.Domain", "src\Ordering.Domain\Ordering.Domain.csproj", "{5FAAD0F8-607B-42E7-B738-00C9B2089C80}"
EndProject
Project("{FAE04EC0-301F-11D3-BF4B-00C04F79EFBC}") = "Ordering.Api", "src\Ordering.Api\Ordering.Api.csproj", "{73D692F1-BF0E-4351-A3F1-C8C59230FD31}"
EndProject
Project("{FAE04EC0-301F-11D3-BF4B-00C04F79EFBC}") = "Ordering.Repository", "src\Ordering.Repository\Ordering.Repository.csproj", "{C3D0126B-F0D5-474A-936A-980E04E17D2B}"
EndProject
Project("{FAE04EC0-301F-11D3-BF4B-00C04F79EFBC}") = "Ordering.UnitTests", "tests\Ordering.UnitTests\Ordering.UnitTests.csproj", "{D0182845-7273-4073-863B-C987C048E3C4}"
EndProject
Project("{FAE04EC0-301F-11D3-BF4B-00C04F79EFBC}") = "Ordering.IntegrationTests", "tests\Ordering.IntegrationTests\Ordering.IntegrationTests.csproj", "{C6069A60-CA59-424D-8063-CC4C30434D7F}"
EndProject
Global
	GlobalSection(SolutionConfigurationPlatforms) = preSolution
		Debug|Any CPU = Debug|Any CPU
		Release|Any CPU = Release|Any CPU
	EndGlobalSection
	GlobalSection(ProjectConfigurationPlatforms) = postSolution
		{5FAAD0F8-607B-42E7-B738-00C9B2089C80}.Debug|Any CPU.ActiveCfg = Debug|Any CPU
		{5FAAD0F8-607B-42E7-B738-00C9B2089C80}.Debug|Any CPU.Build.0 = Debug|Any CPU
		{5FAAD0F8-607B-42E7-B738-00C9B2089C80}.Release|Any CPU.ActiveCfg = Release|Any CPU
		{5FAAD0F8-607B-42E7-B738-00C9B2089C80}.Release|Any CPU.Build.0 = Release|Any CPU
		{73D692F1-BF0E-4351-A3F1-C8C59230FD31}.Debug|Any CPU.ActiveCfg = Debug|Any CPU
		{73D692F1-BF0E-4351-A3F1-C8C59230FD31}.Debug|Any CPU.Build.0 = Debug|Any CPU
		{73D692F1-BF0E-4351-A3F1-C8C59230FD31}.Release|Any CPU.ActiveCfg = Release|Any CPU
		{73D692F1-BF0E-4351-A3F1-C8C59230FD31}.Release|Any CPU.Build.0 = Release|Any CPU
		{C3D0126B-F0D5-474A-936A-980E04E17D2B}.Debug|Any CPU.ActiveCfg = Debug|Any CPU
		{C3D0126B-F0D5-474A-936A-980E04E17D2B}.Debug|Any CPU.Build.0 = Debug|Any CPU
		{C3D0126B-F0D5-474A-936A-980E04E17D2B}.Release|Any CPU.ActiveCfg = Release|Any CPU
		{C3D0126B-F0D5-474A-936A-980E04E17D2B}.Release|Any CPU.Build.0 = Release|Any CPU
		{D0182845-7273-4073-863B-C987C048E3C4}.Debug|Any CPU.ActiveCfg = Debug|Any CPU
		{D0182845-7273-4073-863B-C987C048E3C4}.Debug|Any CPU.Build.0 = Debug|Any CPU
		{D0182845-7273-4073-863B-C987C048E3C4}.Release|Any CPU.ActiveCfg = Release|Any CPU
		{D0182845-7273-4073-863B-C987C048E3C4}.Release|Any CPU.Build.0 = Release|Any CPU
		{C6069A60-CA59-424D-8063-CC4C30434D7F}.Debug|Any CPU.ActiveCfg = Debug|Any CPU
		{C6069A60-CA59-424D-8063-CC4C30434D7F}.Debug|Any CPU.Build.0 = Debug|Any CPU
		{C6069A60-CA59-424D-8063-CC4C30434D7F}.Release|Any CPU.ActiveCfg = Release|Any CPU
		{C6069A60-CA59-424D-8063-CC4C30434D7F}.Release|Any CPU.Build.0 = Release|Any CPU
	EndGlobalSection
	GlobalSection(SolutionProperties) = preSolution
		HideSolutionNode = FALSE
	EndGlobalSection
	GlobalSection(NestedProjects) = preSolution
		{5FAAD0F8-607B-42E7-B738-00C9B2089C80} = {44DC5757-C8DE-44F8-B86F-0BD4214277FB}
		{73D692F1-BF0E-4351-A3F1-C8C59230FD31} = {44DC5757-C8DE-44F8-B86F-0BD4214277FB}
		{C3D0126B-F0D5-474A-936A-980E04E17D2B} = {44DC5757-C8DE-44F8-B86F-0BD4214277FB}
		{D0182845-7273-4073-863B-C987C048E3C4} = {1118FE84-B757-49C5-BB0E-53B208B583C0}
		{C6069A60-CA59-424D-8063-CC4C30434D7F} = {1118FE84-B757-49C5-BB0E-53B208B583C0}
	EndGlobalSection
	GlobalSection(ExtensibilityGlobals) = postSolution
		SolutionGuid = {9E35C739-9065-44B1-9E07-98E08804D092}
	EndGlobalSection
EndGlobal
